// !$*UTF8*$!
{
	archiveVersion = 1;
	classes = {
	};
	objectVersion = 48;
	objects = {

/* Begin PBXBuildFile section */
		0183073008FB3333A361BBBA /* libPods-ToDoList.a in Frameworks */ = {isa = PBXBuildFile; fileRef = 76014DB5807C83711E7D05E3 /* libPods-ToDoList.a */; };
		FC07E47F205FBD1B00BD39B3 /* AudioToolbox.framework in Frameworks */ = {isa = PBXBuildFile; fileRef = FC07E47E205FBD1B00BD39B3 /* AudioToolbox.framework */; };
		FC1757602063877A001A6333 /* Date+Extend.swift in Sources */ = {isa = PBXBuildFile; fileRef = FC17575F2063877A001A6333 /* Date+Extend.swift */; };
		FC17576320639626001A6333 /* UILabel+Extend.swift in Sources */ = {isa = PBXBuildFile; fileRef = FC17576220639626001A6333 /* UILabel+Extend.swift */; };
		FC17576520639A76001A6333 /* CoreText.framework in Frameworks */ = {isa = PBXBuildFile; fileRef = FC17576420639A75001A6333 /* CoreText.framework */; };
		FC17EFB1205BB75E007ED755 /* MarkNoteViewController.xib in Resources */ = {isa = PBXBuildFile; fileRef = FC17EFA0205BB75E007ED755 /* MarkNoteViewController.xib */; };
		FC17EFB2205BB75E007ED755 /* MarkNoteViewController.swift in Sources */ = {isa = PBXBuildFile; fileRef = FC17EFA1205BB75E007ED755 /* MarkNoteViewController.swift */; };
		FC17EFB3205BB75E007ED755 /* CalendarViewController.swift in Sources */ = {isa = PBXBuildFile; fileRef = FC17EFA3205BB75E007ED755 /* CalendarViewController.swift */; };
		FC17EFB4205BB75E007ED755 /* CalendarViewController.xib in Resources */ = {isa = PBXBuildFile; fileRef = FC17EFA4205BB75E007ED755 /* CalendarViewController.xib */; };
		FC17EFB5205BB75E007ED755 /* EventDetailViewController.xib in Resources */ = {isa = PBXBuildFile; fileRef = FC17EFA6205BB75E007ED755 /* EventDetailViewController.xib */; };
		FC17EFB6205BB75E007ED755 /* EventDetailViewController.swift in Sources */ = {isa = PBXBuildFile; fileRef = FC17EFA7205BB75E007ED755 /* EventDetailViewController.swift */; };
		FC17EFB7205BB75E007ED755 /* MainViewController.xib in Resources */ = {isa = PBXBuildFile; fileRef = FC17EFA9205BB75E007ED755 /* MainViewController.xib */; };
		FC17EFB8205BB75E007ED755 /* MainEventCell.xib in Resources */ = {isa = PBXBuildFile; fileRef = FC17EFAB205BB75E007ED755 /* MainEventCell.xib */; };
		FC17EFB9205BB75E007ED755 /* MainEventCell.m in Sources */ = {isa = PBXBuildFile; fileRef = FC17EFAC205BB75E007ED755 /* MainEventCell.m */; };
		FC17EFBA205BB75E007ED755 /* MainViewController.m in Sources */ = {isa = PBXBuildFile; fileRef = FC17EFAD205BB75E007ED755 /* MainViewController.m */; };
		FC17EFBB205BB75E007ED755 /* MainCellAdapt.m in Sources */ = {isa = PBXBuildFile; fileRef = FC17EFAE205BB75E007ED755 /* MainCellAdapt.m */; };
		FC17EFBF205BB780007ED755 /* AppDelegate.m in Sources */ = {isa = PBXBuildFile; fileRef = FC17EFBE205BB780007ED755 /* AppDelegate.m */; };
		FC19080A2057D3A8000E8C97 /* DAYNavigationBar.m in Sources */ = {isa = PBXBuildFile; fileRef = FC1907FF2057D3A8000E8C97 /* DAYNavigationBar.m */; };
		FC19080B2057D3A8000E8C97 /* DAYComponentView.m in Sources */ = {isa = PBXBuildFile; fileRef = FC1908002057D3A8000E8C97 /* DAYComponentView.m */; };
		FC19080C2057D3A8000E8C97 /* DAYUtils.m in Sources */ = {isa = PBXBuildFile; fileRef = FC1908052057D3A8000E8C97 /* DAYUtils.m */; };
		FC19080D2057D3A8000E8C97 /* DAYIndicatorView.m in Sources */ = {isa = PBXBuildFile; fileRef = FC1908062057D3A8000E8C97 /* DAYIndicatorView.m */; };
		FC19080E2057D3A8000E8C97 /* DAYCalendarView.m in Sources */ = {isa = PBXBuildFile; fileRef = FC1908082057D3A8000E8C97 /* DAYCalendarView.m */; };
		FC19080F2057D3A8000E8C97 /* Info.plist in Resources */ = {isa = PBXBuildFile; fileRef = FC1908092057D3A8000E8C97 /* Info.plist */; };
		FC5CBF3F206A263000D17B44 /* UserInfoCell.m in Sources */ = {isa = PBXBuildFile; fileRef = FC5CBF3D206A263000D17B44 /* UserInfoCell.m */; };
		FC5CBF40206A263000D17B44 /* UserInfoCell.xib in Resources */ = {isa = PBXBuildFile; fileRef = FC5CBF3E206A263000D17B44 /* UserInfoCell.xib */; };
		FC5CBF45206A26A200D17B44 /* MenuViewController.swift in Sources */ = {isa = PBXBuildFile; fileRef = FC5CBF43206A26A200D17B44 /* MenuViewController.swift */; };
		FC5CBF46206A26A200D17B44 /* MenuViewController.xib in Resources */ = {isa = PBXBuildFile; fileRef = FC5CBF44206A26A200D17B44 /* MenuViewController.xib */; };
		FC923AB72061111700E42FCF /* DateFormatterInstance.swift in Sources */ = {isa = PBXBuildFile; fileRef = FC923AB62061111700E42FCF /* DateFormatterInstance.swift */; };
		FC92E1EB20575DA00036C153 /* DBhelper.m in Sources */ = {isa = PBXBuildFile; fileRef = FC92E1E420575DA00036C153 /* DBhelper.m */; };
		FC92E1F320575E490036C153 /* ToDoList.xcdatamodeld in Sources */ = {isa = PBXBuildFile; fileRef = FC92E1F120575E490036C153 /* ToDoList.xcdatamodeld */; };
		FC92E1F620575F210036C153 /* SLocationManager.swift in Sources */ = {isa = PBXBuildFile; fileRef = FC92E1F520575F210036C153 /* SLocationManager.swift */; };
		FCBE0F9E20688BD80072B1CE /* BasicViewController.swift in Sources */ = {isa = PBXBuildFile; fileRef = FCBE0F9D20688BD80072B1CE /* BasicViewController.swift */; };
		FCBE0FA82068C2880072B1CE /* Event+CoreDataProperties.m in Sources */ = {isa = PBXBuildFile; fileRef = FCBE0FA42068C2880072B1CE /* Event+CoreDataProperties.m */; };
		FCBE0FA92068C2880072B1CE /* Event+CoreDataClass.m in Sources */ = {isa = PBXBuildFile; fileRef = FCBE0FA52068C2880072B1CE /* Event+CoreDataClass.m */; };
		FCBE0FAA2068C2880072B1CE /* EventList+CoreDataProperties.m in Sources */ = {isa = PBXBuildFile; fileRef = FCBE0FA62068C2880072B1CE /* EventList+CoreDataProperties.m */; };
		FCBE0FAB2068C2880072B1CE /* EventList+CoreDataClass.m in Sources */ = {isa = PBXBuildFile; fileRef = FCBE0FA72068C2880072B1CE /* EventList+CoreDataClass.m */; };
		FCBE0FAD2068C68D0072B1CE /* UserNotificationsUI.framework in Frameworks */ = {isa = PBXBuildFile; fileRef = FCBE0FAC2068C68D0072B1CE /* UserNotificationsUI.framework */; };
		FCBE0FAF2068C6990072B1CE /* UserNotifications.framework in Frameworks */ = {isa = PBXBuildFile; fileRef = FCBE0FAE2068C6990072B1CE /* UserNotifications.framework */; };
		FCBE0FB22068D68A0072B1CE /* NSString+Extend.swift in Sources */ = {isa = PBXBuildFile; fileRef = FCBE0FB12068D68A0072B1CE /* NSString+Extend.swift */; };
		FCBE0FB52068E8510072B1CE /* UITextView+Extend.swift in Sources */ = {isa = PBXBuildFile; fileRef = FCBE0FB42068E8510072B1CE /* UITextView+Extend.swift */; };
		FCC5617B2069E2DB0018FE81 /* Swift_Global.swift in Sources */ = {isa = PBXBuildFile; fileRef = FCC5617A2069E2DB0018FE81 /* Swift_Global.swift */; };
		FCCF79442056829A0033C401 /* LaunchScreen.storyboard in Resources */ = {isa = PBXBuildFile; fileRef = FCCF79422056829A0033C401 /* LaunchScreen.storyboard */; };
		FCCF79472056829A0033C401 /* main.m in Sources */ = {isa = PBXBuildFile; fileRef = FCCF79462056829A0033C401 /* main.m */; };
		FCDF66A02058FD16009ECAAC /* UIAlertController+swift.swift in Sources */ = {isa = PBXBuildFile; fileRef = FCDF669F2058FD16009ECAAC /* UIAlertController+swift.swift */; };
		FCE34110205A1C87005E49EA /* LeftMenuViewDemo.m in Sources */ = {isa = PBXBuildFile; fileRef = FCE3410D205A1C87005E49EA /* LeftMenuViewDemo.m */; };
		FCE34111205A1C87005E49EA /* MenuView.m in Sources */ = {isa = PBXBuildFile; fileRef = FCE3410F205A1C87005E49EA /* MenuView.m */; };
		FCEC3EF2205776AE002A1A1D /* Media.xcassets in Resources */ = {isa = PBXBuildFile; fileRef = FCEC3EF1205776AE002A1A1D /* Media.xcassets */; };
		FCF68DD42058F96200B20407 /* UITableView+Extend.m in Sources */ = {isa = PBXBuildFile; fileRef = FCF68DD12058F96200B20407 /* UITableView+Extend.m */; };
/* End PBXBuildFile section */

/* Begin PBXCopyFilesBuildPhase section */
		FC1907F92057BFF2000E8C97 /* Embed App Extensions */ = {
			isa = PBXCopyFilesBuildPhase;
			buildActionMask = 2147483647;
			dstPath = "";
			dstSubfolderSpec = 13;
			files = (
			);
			name = "Embed App Extensions";
			runOnlyForDeploymentPostprocessing = 0;
		};
/* End PBXCopyFilesBuildPhase section */

/* Begin PBXFileReference section */
		0624C7AE250101B12A1A57EF /* Pods-ToDoList.release.xcconfig */ = {isa = PBXFileReference; includeInIndex = 1; lastKnownFileType = text.xcconfig; name = "Pods-ToDoList.release.xcconfig"; path = "Pods/Target Support Files/Pods-ToDoList/Pods-ToDoList.release.xcconfig"; sourceTree = "<group>"; };
		76014DB5807C83711E7D05E3 /* libPods-ToDoList.a */ = {isa = PBXFileReference; explicitFileType = archive.ar; includeInIndex = 0; path = "libPods-ToDoList.a"; sourceTree = BUILT_PRODUCTS_DIR; };
		A8F0C4CA0ECC28575F13C298 /* Pods-ToDoList.debug.xcconfig */ = {isa = PBXFileReference; includeInIndex = 1; lastKnownFileType = text.xcconfig; name = "Pods-ToDoList.debug.xcconfig"; path = "Pods/Target Support Files/Pods-ToDoList/Pods-ToDoList.debug.xcconfig"; sourceTree = "<group>"; };
		FC07E47E205FBD1B00BD39B3 /* AudioToolbox.framework */ = {isa = PBXFileReference; lastKnownFileType = wrapper.framework; name = AudioToolbox.framework; path = System/Library/Frameworks/AudioToolbox.framework; sourceTree = SDKROOT; };
		FC17575F2063877A001A6333 /* Date+Extend.swift */ = {isa = PBXFileReference; lastKnownFileType = sourcecode.swift; path = "Date+Extend.swift"; sourceTree = "<group>"; };
		FC17576220639626001A6333 /* UILabel+Extend.swift */ = {isa = PBXFileReference; lastKnownFileType = sourcecode.swift; path = "UILabel+Extend.swift"; sourceTree = "<group>"; };
		FC17576420639A75001A6333 /* CoreText.framework */ = {isa = PBXFileReference; lastKnownFileType = wrapper.framework; name = CoreText.framework; path = System/Library/Frameworks/CoreText.framework; sourceTree = SDKROOT; };
		FC17EFA0205BB75E007ED755 /* MarkNoteViewController.xib */ = {isa = PBXFileReference; fileEncoding = 4; lastKnownFileType = file.xib; path = MarkNoteViewController.xib; sourceTree = "<group>"; };
		FC17EFA1205BB75E007ED755 /* MarkNoteViewController.swift */ = {isa = PBXFileReference; fileEncoding = 4; lastKnownFileType = sourcecode.swift; path = MarkNoteViewController.swift; sourceTree = "<group>"; };
		FC17EFA3205BB75E007ED755 /* CalendarViewController.swift */ = {isa = PBXFileReference; fileEncoding = 4; lastKnownFileType = sourcecode.swift; path = CalendarViewController.swift; sourceTree = "<group>"; };
		FC17EFA4205BB75E007ED755 /* CalendarViewController.xib */ = {isa = PBXFileReference; fileEncoding = 4; lastKnownFileType = file.xib; path = CalendarViewController.xib; sourceTree = "<group>"; };
		FC17EFA6205BB75E007ED755 /* EventDetailViewController.xib */ = {isa = PBXFileReference; fileEncoding = 4; lastKnownFileType = file.xib; path = EventDetailViewController.xib; sourceTree = "<group>"; };
		FC17EFA7205BB75E007ED755 /* EventDetailViewController.swift */ = {isa = PBXFileReference; fileEncoding = 4; lastKnownFileType = sourcecode.swift; path = EventDetailViewController.swift; sourceTree = "<group>"; };
		FC17EFA9205BB75E007ED755 /* MainViewController.xib */ = {isa = PBXFileReference; fileEncoding = 4; lastKnownFileType = file.xib; path = MainViewController.xib; sourceTree = "<group>"; };
		FC17EFAA205BB75E007ED755 /* MainCellAdapt.h */ = {isa = PBXFileReference; fileEncoding = 4; lastKnownFileType = sourcecode.c.h; path = MainCellAdapt.h; sourceTree = "<group>"; };
		FC17EFAB205BB75E007ED755 /* MainEventCell.xib */ = {isa = PBXFileReference; fileEncoding = 4; lastKnownFileType = file.xib; path = MainEventCell.xib; sourceTree = "<group>"; };
		FC17EFAC205BB75E007ED755 /* MainEventCell.m */ = {isa = PBXFileReference; fileEncoding = 4; lastKnownFileType = sourcecode.c.objc; path = MainEventCell.m; sourceTree = "<group>"; };
		FC17EFAD205BB75E007ED755 /* MainViewController.m */ = {isa = PBXFileReference; fileEncoding = 4; lastKnownFileType = sourcecode.c.objc; path = MainViewController.m; sourceTree = "<group>"; };
		FC17EFAE205BB75E007ED755 /* MainCellAdapt.m */ = {isa = PBXFileReference; fileEncoding = 4; lastKnownFileType = sourcecode.c.objc; path = MainCellAdapt.m; sourceTree = "<group>"; };
		FC17EFAF205BB75E007ED755 /* MainViewController.h */ = {isa = PBXFileReference; fileEncoding = 4; lastKnownFileType = sourcecode.c.h; path = MainViewController.h; sourceTree = "<group>"; };
		FC17EFB0205BB75E007ED755 /* MainEventCell.h */ = {isa = PBXFileReference; fileEncoding = 4; lastKnownFileType = sourcecode.c.h; path = MainEventCell.h; sourceTree = "<group>"; };
		FC17EFBD205BB780007ED755 /* AppDelegate.h */ = {isa = PBXFileReference; fileEncoding = 4; lastKnownFileType = sourcecode.c.h; path = AppDelegate.h; sourceTree = "<group>"; };
		FC17EFBE205BB780007ED755 /* AppDelegate.m */ = {isa = PBXFileReference; fileEncoding = 4; lastKnownFileType = sourcecode.c.objc; path = AppDelegate.m; sourceTree = "<group>"; };
		FC1907E92057BFF2000E8C97 /* NotificationCenter.framework */ = {isa = PBXFileReference; lastKnownFileType = wrapper.framework; name = NotificationCenter.framework; path = System/Library/Frameworks/NotificationCenter.framework; sourceTree = SDKROOT; };
		FC1907FC2057D3A8000E8C97 /* Daysquare.h */ = {isa = PBXFileReference; fileEncoding = 4; lastKnownFileType = sourcecode.c.h; path = Daysquare.h; sourceTree = "<group>"; };
		FC1907FD2057D3A8000E8C97 /* DAYCalendarView.h */ = {isa = PBXFileReference; fileEncoding = 4; lastKnownFileType = sourcecode.c.h; path = DAYCalendarView.h; sourceTree = "<group>"; };
		FC1907FF2057D3A8000E8C97 /* DAYNavigationBar.m */ = {isa = PBXFileReference; fileEncoding = 4; lastKnownFileType = sourcecode.c.objc; path = DAYNavigationBar.m; sourceTree = "<group>"; };
		FC1908002057D3A8000E8C97 /* DAYComponentView.m */ = {isa = PBXFileReference; fileEncoding = 4; lastKnownFileType = sourcecode.c.objc; path = DAYComponentView.m; sourceTree = "<group>"; };
		FC1908012057D3A8000E8C97 /* DAYIndicatorView.h */ = {isa = PBXFileReference; fileEncoding = 4; lastKnownFileType = sourcecode.c.h; path = DAYIndicatorView.h; sourceTree = "<group>"; };
		FC1908022057D3A8000E8C97 /* DAYUtils.h */ = {isa = PBXFileReference; fileEncoding = 4; lastKnownFileType = sourcecode.c.h; path = DAYUtils.h; sourceTree = "<group>"; };
		FC1908032057D3A8000E8C97 /* DAYComponentView.h */ = {isa = PBXFileReference; fileEncoding = 4; lastKnownFileType = sourcecode.c.h; path = DAYComponentView.h; sourceTree = "<group>"; };
		FC1908042057D3A8000E8C97 /* DAYNavigationBar.h */ = {isa = PBXFileReference; fileEncoding = 4; lastKnownFileType = sourcecode.c.h; path = DAYNavigationBar.h; sourceTree = "<group>"; };
		FC1908052057D3A8000E8C97 /* DAYUtils.m */ = {isa = PBXFileReference; fileEncoding = 4; lastKnownFileType = sourcecode.c.objc; path = DAYUtils.m; sourceTree = "<group>"; };
		FC1908062057D3A8000E8C97 /* DAYIndicatorView.m */ = {isa = PBXFileReference; fileEncoding = 4; lastKnownFileType = sourcecode.c.objc; path = DAYIndicatorView.m; sourceTree = "<group>"; };
		FC1908072057D3A8000E8C97 /* Lib.h */ = {isa = PBXFileReference; fileEncoding = 4; lastKnownFileType = sourcecode.c.h; path = Lib.h; sourceTree = "<group>"; };
		FC1908082057D3A8000E8C97 /* DAYCalendarView.m */ = {isa = PBXFileReference; fileEncoding = 4; lastKnownFileType = sourcecode.c.objc; path = DAYCalendarView.m; sourceTree = "<group>"; };
		FC1908092057D3A8000E8C97 /* Info.plist */ = {isa = PBXFileReference; fileEncoding = 4; lastKnownFileType = text.plist.xml; path = Info.plist; sourceTree = "<group>"; };
		FC5CBF3C206A263000D17B44 /* UserInfoCell.h */ = {isa = PBXFileReference; fileEncoding = 4; lastKnownFileType = sourcecode.c.h; path = UserInfoCell.h; sourceTree = "<group>"; };
		FC5CBF3D206A263000D17B44 /* UserInfoCell.m */ = {isa = PBXFileReference; fileEncoding = 4; lastKnownFileType = sourcecode.c.objc; path = UserInfoCell.m; sourceTree = "<group>"; };
		FC5CBF3E206A263000D17B44 /* UserInfoCell.xib */ = {isa = PBXFileReference; fileEncoding = 4; lastKnownFileType = file.xib; path = UserInfoCell.xib; sourceTree = "<group>"; };
		FC5CBF43206A26A200D17B44 /* MenuViewController.swift */ = {isa = PBXFileReference; lastKnownFileType = sourcecode.swift; path = MenuViewController.swift; sourceTree = "<group>"; };
		FC5CBF44206A26A200D17B44 /* MenuViewController.xib */ = {isa = PBXFileReference; lastKnownFileType = file.xib; path = MenuViewController.xib; sourceTree = "<group>"; };
		FC923AB62061111700E42FCF /* DateFormatterInstance.swift */ = {isa = PBXFileReference; lastKnownFileType = sourcecode.swift; path = DateFormatterInstance.swift; sourceTree = "<group>"; };
		FC92E1E420575DA00036C153 /* DBhelper.m */ = {isa = PBXFileReference; fileEncoding = 4; lastKnownFileType = sourcecode.c.objc; path = DBhelper.m; sourceTree = "<group>"; };
		FC92E1E520575DA00036C153 /* DBhelper.h */ = {isa = PBXFileReference; fileEncoding = 4; lastKnownFileType = sourcecode.c.h; path = DBhelper.h; sourceTree = "<group>"; };
		FC92E1EF20575DF90036C153 /* Global.h */ = {isa = PBXFileReference; lastKnownFileType = sourcecode.c.h; path = Global.h; sourceTree = "<group>"; };
		FC92E1F220575E490036C153 /* ToDoList.xcdatamodel */ = {isa = PBXFileReference; lastKnownFileType = wrapper.xcdatamodel; path = ToDoList.xcdatamodel; sourceTree = "<group>"; };
		FC92E1F420575F200036C153 /* ToDoList-Bridging-Header.h */ = {isa = PBXFileReference; lastKnownFileType = sourcecode.c.h; path = "ToDoList-Bridging-Header.h"; sourceTree = "<group>"; };
		FC92E1F520575F210036C153 /* SLocationManager.swift */ = {isa = PBXFileReference; fileEncoding = 4; lastKnownFileType = sourcecode.swift; path = SLocationManager.swift; sourceTree = "<group>"; };
		FCBE0F9D20688BD80072B1CE /* BasicViewController.swift */ = {isa = PBXFileReference; lastKnownFileType = sourcecode.swift; path = BasicViewController.swift; sourceTree = "<group>"; };
		FCBE0FA02068C2880072B1CE /* Event+CoreDataClass.h */ = {isa = PBXFileReference; fileEncoding = 4; lastKnownFileType = sourcecode.c.h; path = "Event+CoreDataClass.h"; sourceTree = "<group>"; };
		FCBE0FA12068C2880072B1CE /* Event+CoreDataProperties.h */ = {isa = PBXFileReference; fileEncoding = 4; lastKnownFileType = sourcecode.c.h; path = "Event+CoreDataProperties.h"; sourceTree = "<group>"; };
		FCBE0FA22068C2880072B1CE /* EventList+CoreDataProperties.h */ = {isa = PBXFileReference; fileEncoding = 4; lastKnownFileType = sourcecode.c.h; path = "EventList+CoreDataProperties.h"; sourceTree = "<group>"; };
		FCBE0FA32068C2880072B1CE /* EventList+CoreDataClass.h */ = {isa = PBXFileReference; fileEncoding = 4; lastKnownFileType = sourcecode.c.h; path = "EventList+CoreDataClass.h"; sourceTree = "<group>"; };
		FCBE0FA42068C2880072B1CE /* Event+CoreDataProperties.m */ = {isa = PBXFileReference; fileEncoding = 4; lastKnownFileType = sourcecode.c.objc; path = "Event+CoreDataProperties.m"; sourceTree = "<group>"; };
		FCBE0FA52068C2880072B1CE /* Event+CoreDataClass.m */ = {isa = PBXFileReference; fileEncoding = 4; lastKnownFileType = sourcecode.c.objc; path = "Event+CoreDataClass.m"; sourceTree = "<group>"; };
		FCBE0FA62068C2880072B1CE /* EventList+CoreDataProperties.m */ = {isa = PBXFileReference; fileEncoding = 4; lastKnownFileType = sourcecode.c.objc; path = "EventList+CoreDataProperties.m"; sourceTree = "<group>"; };
		FCBE0FA72068C2880072B1CE /* EventList+CoreDataClass.m */ = {isa = PBXFileReference; fileEncoding = 4; lastKnownFileType = sourcecode.c.objc; path = "EventList+CoreDataClass.m"; sourceTree = "<group>"; };
		FCBE0FAC2068C68D0072B1CE /* UserNotificationsUI.framework */ = {isa = PBXFileReference; lastKnownFileType = wrapper.framework; name = UserNotificationsUI.framework; path = System/Library/Frameworks/UserNotificationsUI.framework; sourceTree = SDKROOT; };
		FCBE0FAE2068C6990072B1CE /* UserNotifications.framework */ = {isa = PBXFileReference; lastKnownFileType = wrapper.framework; name = UserNotifications.framework; path = System/Library/Frameworks/UserNotifications.framework; sourceTree = SDKROOT; };
		FCBE0FB12068D68A0072B1CE /* NSString+Extend.swift */ = {isa = PBXFileReference; lastKnownFileType = sourcecode.swift; path = "NSString+Extend.swift"; sourceTree = "<group>"; };
		FCBE0FB42068E8510072B1CE /* UITextView+Extend.swift */ = {isa = PBXFileReference; lastKnownFileType = sourcecode.swift; path = "UITextView+Extend.swift"; sourceTree = "<group>"; };
		FCC5617A2069E2DB0018FE81 /* Swift_Global.swift */ = {isa = PBXFileReference; lastKnownFileType = sourcecode.swift; path = Swift_Global.swift; sourceTree = "<group>"; };
		FCCF7931205682990033C401 /* ToDoList.app */ = {isa = PBXFileReference; explicitFileType = wrapper.application; includeInIndex = 0; path = ToDoList.app; sourceTree = BUILT_PRODUCTS_DIR; };
		FCCF79432056829A0033C401 /* Base */ = {isa = PBXFileReference; lastKnownFileType = file.storyboard; name = Base; path = Base.lproj/LaunchScreen.storyboard; sourceTree = "<group>"; };
		FCCF79452056829A0033C401 /* Info.plist */ = {isa = PBXFileReference; lastKnownFileType = text.plist.xml; path = Info.plist; sourceTree = "<group>"; };
		FCCF79462056829A0033C401 /* main.m */ = {isa = PBXFileReference; lastKnownFileType = sourcecode.c.objc; path = main.m; sourceTree = "<group>"; };
		FCDF669F2058FD16009ECAAC /* UIAlertController+swift.swift */ = {isa = PBXFileReference; fileEncoding = 4; lastKnownFileType = sourcecode.swift; path = "UIAlertController+swift.swift"; sourceTree = "<group>"; };
		FCE3410C205A1C87005E49EA /* LeftMenuViewDemo.h */ = {isa = PBXFileReference; fileEncoding = 4; lastKnownFileType = sourcecode.c.h; path = LeftMenuViewDemo.h; sourceTree = "<group>"; };
		FCE3410D205A1C87005E49EA /* LeftMenuViewDemo.m */ = {isa = PBXFileReference; fileEncoding = 4; lastKnownFileType = sourcecode.c.objc; path = LeftMenuViewDemo.m; sourceTree = "<group>"; };
		FCE3410E205A1C87005E49EA /* MenuView.h */ = {isa = PBXFileReference; fileEncoding = 4; lastKnownFileType = sourcecode.c.h; path = MenuView.h; sourceTree = "<group>"; };
		FCE3410F205A1C87005E49EA /* MenuView.m */ = {isa = PBXFileReference; fileEncoding = 4; lastKnownFileType = sourcecode.c.objc; path = MenuView.m; sourceTree = "<group>"; };
		FCEC3EF1205776AE002A1A1D /* Media.xcassets */ = {isa = PBXFileReference; lastKnownFileType = folder.assetcatalog; path = Media.xcassets; sourceTree = "<group>"; };
		FCF68DD12058F96200B20407 /* UITableView+Extend.m */ = {isa = PBXFileReference; fileEncoding = 4; lastKnownFileType = sourcecode.c.objc; path = "UITableView+Extend.m"; sourceTree = "<group>"; };
		FCF68DD22058F96200B20407 /* UITableView+Extend.h */ = {isa = PBXFileReference; fileEncoding = 4; lastKnownFileType = sourcecode.c.h; path = "UITableView+Extend.h"; sourceTree = "<group>"; };
/* End PBXFileReference section */

/* Begin PBXFrameworksBuildPhase section */
		FCCF792E205682990033C401 /* Frameworks */ = {
			isa = PBXFrameworksBuildPhase;
			buildActionMask = 2147483647;
			files = (
				FCBE0FAF2068C6990072B1CE /* UserNotifications.framework in Frameworks */,
				FCBE0FAD2068C68D0072B1CE /* UserNotificationsUI.framework in Frameworks */,
				FC17576520639A76001A6333 /* CoreText.framework in Frameworks */,
				FC07E47F205FBD1B00BD39B3 /* AudioToolbox.framework in Frameworks */,
				0183073008FB3333A361BBBA /* libPods-ToDoList.a in Frameworks */,
			);
			runOnlyForDeploymentPostprocessing = 0;
		};
/* End PBXFrameworksBuildPhase section */

/* Begin PBXGroup section */
		8EB336CFBB5D696A9425982A /* Pods */ = {
			isa = PBXGroup;
			children = (
				A8F0C4CA0ECC28575F13C298 /* Pods-ToDoList.debug.xcconfig */,
				0624C7AE250101B12A1A57EF /* Pods-ToDoList.release.xcconfig */,
			);
			name = Pods;
			sourceTree = "<group>";
		};
		CEFD287CC2295C9B2CDD96D1 /* Frameworks */ = {
			isa = PBXGroup;
			children = (
				FCBE0FAE2068C6990072B1CE /* UserNotifications.framework */,
				FCBE0FAC2068C68D0072B1CE /* UserNotificationsUI.framework */,
				FC17576420639A75001A6333 /* CoreText.framework */,
				FC07E47E205FBD1B00BD39B3 /* AudioToolbox.framework */,
				76014DB5807C83711E7D05E3 /* libPods-ToDoList.a */,
				FC1907E92057BFF2000E8C97 /* NotificationCenter.framework */,
			);
			name = Frameworks;
			sourceTree = "<group>";
		};
		FC17576120639616001A6333 /* UILabel */ = {
			isa = PBXGroup;
			children = (
				FC17576220639626001A6333 /* UILabel+Extend.swift */,
			);
			path = UILabel;
			sourceTree = "<group>";
		};
		FC17EF9E205BB75E007ED755 /* ViewController */ = {
			isa = PBXGroup;
			children = (
				FC5CBF3C206A263000D17B44 /* UserInfoCell.h */,
				FC5CBF3D206A263000D17B44 /* UserInfoCell.m */,
				FC5CBF3E206A263000D17B44 /* UserInfoCell.xib */,
				FC5CBF35206A234500D17B44 /* Menu */,
				FCBE0F9C20688B970072B1CE /* BaseSwiftVC */,
				FC17EF9F205BB75E007ED755 /* NoteMark */,
				FC17EFA2205BB75E007ED755 /* Calendar */,
				FC17EFA5205BB75E007ED755 /* EventDetail */,
				FC17EFA8205BB75E007ED755 /* Main */,
			);
			path = ViewController;
			sourceTree = "<group>";
		};
		FC17EF9F205BB75E007ED755 /* NoteMark */ = {
			isa = PBXGroup;
			children = (
				FC17EFA1205BB75E007ED755 /* MarkNoteViewController.swift */,
				FC17EFA0205BB75E007ED755 /* MarkNoteViewController.xib */,
			);
			path = NoteMark;
			sourceTree = "<group>";
		};
		FC17EFA2205BB75E007ED755 /* Calendar */ = {
			isa = PBXGroup;
			children = (
				FC17EFA3205BB75E007ED755 /* CalendarViewController.swift */,
				FC17EFA4205BB75E007ED755 /* CalendarViewController.xib */,
			);
			path = Calendar;
			sourceTree = "<group>";
		};
		FC17EFA5205BB75E007ED755 /* EventDetail */ = {
			isa = PBXGroup;
			children = (
				FC17EFA7205BB75E007ED755 /* EventDetailViewController.swift */,
				FC17EFA6205BB75E007ED755 /* EventDetailViewController.xib */,
			);
			path = EventDetail;
			sourceTree = "<group>";
		};
		FC17EFA8205BB75E007ED755 /* Main */ = {
			isa = PBXGroup;
			children = (
				FC17EFAF205BB75E007ED755 /* MainViewController.h */,
				FC17EFAD205BB75E007ED755 /* MainViewController.m */,
				FC17EFA9205BB75E007ED755 /* MainViewController.xib */,
				FC17EFAA205BB75E007ED755 /* MainCellAdapt.h */,
				FC17EFAE205BB75E007ED755 /* MainCellAdapt.m */,
				FC17EFB0205BB75E007ED755 /* MainEventCell.h */,
				FC17EFAC205BB75E007ED755 /* MainEventCell.m */,
				FC17EFAB205BB75E007ED755 /* MainEventCell.xib */,
			);
			path = Main;
			sourceTree = "<group>";
		};
		FC17EFBC205BB780007ED755 /* AppDelegate */ = {
			isa = PBXGroup;
			children = (
				FC17EFBD205BB780007ED755 /* AppDelegate.h */,
				FC17EFBE205BB780007ED755 /* AppDelegate.m */,
			);
			path = AppDelegate;
			sourceTree = "<group>";
		};
		FC1907FB2057D3A8000E8C97 /* Calendar */ = {
			isa = PBXGroup;
			children = (
				FC1907FD2057D3A8000E8C97 /* DAYCalendarView.h */,
				FC1908082057D3A8000E8C97 /* DAYCalendarView.m */,
				FC1907FC2057D3A8000E8C97 /* Daysquare.h */,
				FC1907FE2057D3A8000E8C97 /* Internal */,
				FC1908072057D3A8000E8C97 /* Lib.h */,
				FC1908092057D3A8000E8C97 /* Info.plist */,
			);
			path = Calendar;
			sourceTree = "<group>";
		};
		FC1907FE2057D3A8000E8C97 /* Internal */ = {
			isa = PBXGroup;
			children = (
				FC1907FF2057D3A8000E8C97 /* DAYNavigationBar.m */,
				FC1908002057D3A8000E8C97 /* DAYComponentView.m */,
				FC1908012057D3A8000E8C97 /* DAYIndicatorView.h */,
				FC1908022057D3A8000E8C97 /* DAYUtils.h */,
				FC1908032057D3A8000E8C97 /* DAYComponentView.h */,
				FC1908042057D3A8000E8C97 /* DAYNavigationBar.h */,
				FC1908052057D3A8000E8C97 /* DAYUtils.m */,
				FC1908062057D3A8000E8C97 /* DAYIndicatorView.m */,
			);
			path = Internal;
			sourceTree = "<group>";
		};
		FC5CBF35206A234500D17B44 /* Menu */ = {
			isa = PBXGroup;
			children = (
				FC5CBF43206A26A200D17B44 /* MenuViewController.swift */,
				FC5CBF44206A26A200D17B44 /* MenuViewController.xib */,
			);
			path = Menu;
			sourceTree = "<group>";
		};
		FC92E1E220575DA00036C153 /* Utility */ = {
			isa = PBXGroup;
			children = (
				FCE34108205A1AEE005E49EA /* LeftMenu */,
				FC1907FB2057D3A8000E8C97 /* Calendar */,
				FC92E1E320575DA00036C153 /* DBHelper */,
				FC92E1E620575DA00036C153 /* LocationHelper */,
			);
			path = Utility;
			sourceTree = "<group>";
		};
		FC92E1E320575DA00036C153 /* DBHelper */ = {
			isa = PBXGroup;
			children = (
				FC92E1E520575DA00036C153 /* DBhelper.h */,
				FC92E1E420575DA00036C153 /* DBhelper.m */,
			);
			path = DBHelper;
			sourceTree = "<group>";
		};
		FC92E1E620575DA00036C153 /* LocationHelper */ = {
			isa = PBXGroup;
			children = (
				FC92E1F520575F210036C153 /* SLocationManager.swift */,
			);
			path = LocationHelper;
			sourceTree = "<group>";
		};
		FC92E1EE20575DC20036C153 /* Config */ = {
			isa = PBXGroup;
			children = (
				FC92E1F420575F200036C153 /* ToDoList-Bridging-Header.h */,
				FC92E1EF20575DF90036C153 /* Global.h */,
				FCC5617A2069E2DB0018FE81 /* Swift_Global.swift */,
			);
			path = Config;
			sourceTree = "<group>";
		};
		FC92E1F020575E490036C153 /* CoreData */ = {
			isa = PBXGroup;
			children = (
				FCBE0FA02068C2880072B1CE /* Event+CoreDataClass.h */,
				FCBE0FA52068C2880072B1CE /* Event+CoreDataClass.m */,
				FCBE0FA12068C2880072B1CE /* Event+CoreDataProperties.h */,
				FCBE0FA42068C2880072B1CE /* Event+CoreDataProperties.m */,
				FCBE0FA32068C2880072B1CE /* EventList+CoreDataClass.h */,
				FCBE0FA72068C2880072B1CE /* EventList+CoreDataClass.m */,
				FCBE0FA22068C2880072B1CE /* EventList+CoreDataProperties.h */,
				FCBE0FA62068C2880072B1CE /* EventList+CoreDataProperties.m */,
				FC92E1F120575E490036C153 /* ToDoList.xcdatamodeld */,
			);
			path = CoreData;
			sourceTree = "<group>";
		};
		FCAC896B205A4E84008A5848 /* NSDate+ */ = {
			isa = PBXGroup;
			children = (
				FC17575F2063877A001A6333 /* Date+Extend.swift */,
			);
			path = "NSDate+";
			sourceTree = "<group>";
		};
		FCBE0F9C20688B970072B1CE /* BaseSwiftVC */ = {
			isa = PBXGroup;
			children = (
				FCBE0F9D20688BD80072B1CE /* BasicViewController.swift */,
			);
			path = BaseSwiftVC;
			sourceTree = "<group>";
		};
		FCBE0FB02068CBD40072B1CE /* NSString */ = {
			isa = PBXGroup;
			children = (
				FCBE0FB12068D68A0072B1CE /* NSString+Extend.swift */,
			);
			path = NSString;
			sourceTree = "<group>";
		};
		FCBE0FB32068E80D0072B1CE /* UITextView+ */ = {
			isa = PBXGroup;
			children = (
				FCBE0FB42068E8510072B1CE /* UITextView+Extend.swift */,
			);
			path = "UITextView+";
			sourceTree = "<group>";
		};
		FCCF7928205682990033C401 = {
			isa = PBXGroup;
			children = (
				FCEC3EF1205776AE002A1A1D /* Media.xcassets */,
				FCCF7933205682990033C401 /* ToDoList */,
				FC92E1EE20575DC20036C153 /* Config */,
				FC92E1E220575DA00036C153 /* Utility */,
				FCCF794D205682B90033C401 /* Category */,
				FCCF7932205682990033C401 /* Products */,
				FC92E1F020575E490036C153 /* CoreData */,
				8EB336CFBB5D696A9425982A /* Pods */,
				CEFD287CC2295C9B2CDD96D1 /* Frameworks */,
			);
			sourceTree = "<group>";
		};
		FCCF7932205682990033C401 /* Products */ = {
			isa = PBXGroup;
			children = (
				FCCF7931205682990033C401 /* ToDoList.app */,
			);
			name = Products;
			sourceTree = "<group>";
		};
		FCCF7933205682990033C401 /* ToDoList */ = {
			isa = PBXGroup;
			children = (
				FC17EFBC205BB780007ED755 /* AppDelegate */,
				FC17EF9E205BB75E007ED755 /* ViewController */,
				FCCF79422056829A0033C401 /* LaunchScreen.storyboard */,
				FCCF79452056829A0033C401 /* Info.plist */,
				FCCF79462056829A0033C401 /* main.m */,
			);
			path = ToDoList;
			sourceTree = "<group>";
		};
		FCCF794D205682B90033C401 /* Category */ = {
			isa = PBXGroup;
			children = (
				FCBE0FB32068E80D0072B1CE /* UITextView+ */,
				FCBE0FB02068CBD40072B1CE /* NSString */,
				FC17576120639616001A6333 /* UILabel */,
				FCAC896B205A4E84008A5848 /* NSDate+ */,
				FCE340FB205A179A005E49EA /* NSDateFormatter+ */,
				FCF68DCE2058F96200B20407 /* UIAlertController+ */,
				FCF68DD02058F96200B20407 /* UITableView+ */,
			);
			path = Category;
			sourceTree = "<group>";
		};
		FCE340FB205A179A005E49EA /* NSDateFormatter+ */ = {
			isa = PBXGroup;
			children = (
				FC923AB62061111700E42FCF /* DateFormatterInstance.swift */,
			);
			path = "NSDateFormatter+";
			sourceTree = "<group>";
		};
		FCE34108205A1AEE005E49EA /* LeftMenu */ = {
			isa = PBXGroup;
			children = (
				FCE3410C205A1C87005E49EA /* LeftMenuViewDemo.h */,
				FCE3410D205A1C87005E49EA /* LeftMenuViewDemo.m */,
				FCE3410E205A1C87005E49EA /* MenuView.h */,
				FCE3410F205A1C87005E49EA /* MenuView.m */,
			);
			path = LeftMenu;
			sourceTree = "<group>";
		};
		FCF68DCE2058F96200B20407 /* UIAlertController+ */ = {
			isa = PBXGroup;
			children = (
				FCDF669F2058FD16009ECAAC /* UIAlertController+swift.swift */,
			);
			path = "UIAlertController+";
			sourceTree = "<group>";
		};
		FCF68DD02058F96200B20407 /* UITableView+ */ = {
			isa = PBXGroup;
			children = (
				FCF68DD22058F96200B20407 /* UITableView+Extend.h */,
				FCF68DD12058F96200B20407 /* UITableView+Extend.m */,
			);
			path = "UITableView+";
			sourceTree = "<group>";
		};
/* End PBXGroup section */

/* Begin PBXNativeTarget section */
		FCCF7930205682990033C401 /* ToDoList */ = {
			isa = PBXNativeTarget;
			buildConfigurationList = FCCF794A2056829A0033C401 /* Build configuration list for PBXNativeTarget "ToDoList" */;
			buildPhases = (
				D87C7AC1AA28EEC485CAD84D /* [CP] Check Pods Manifest.lock */,
				FCCF792D205682990033C401 /* Sources */,
				FCCF792E205682990033C401 /* Frameworks */,
				FCCF792F205682990033C401 /* Resources */,
				931EBE4649698412178228DA /* [CP] Embed Pods Frameworks */,
				1C663222C41FB2559B109974 /* [CP] Copy Pods Resources */,
				FC1907F92057BFF2000E8C97 /* Embed App Extensions */,
			);
			buildRules = (
			);
			dependencies = (
			);
			name = ToDoList;
			productName = ToDoList;
			productReference = FCCF7931205682990033C401 /* ToDoList.app */;
			productType = "com.apple.product-type.application";
		};
/* End PBXNativeTarget section */

/* Begin PBXProject section */
		FCCF7929205682990033C401 /* Project object */ = {
			isa = PBXProject;
			attributes = {
				LastUpgradeCheck = 0920;
				ORGANIZATIONNAME = company;
				TargetAttributes = {
					FCCF7930205682990033C401 = {
						CreatedOnToolsVersion = 9.2;
						LastSwiftMigration = 0920;
						ProvisioningStyle = Automatic;
						SystemCapabilities = {
							com.apple.ApplicationGroups.iOS = {
								enabled = 0;
							};
						};
					};
				};
			};
			buildConfigurationList = FCCF792C205682990033C401 /* Build configuration list for PBXProject "ToDoList" */;
			compatibilityVersion = "Xcode 8.0";
			developmentRegion = en;
			hasScannedForEncodings = 0;
			knownRegions = (
				en,
				Base,
			);
			mainGroup = FCCF7928205682990033C401;
			productRefGroup = FCCF7932205682990033C401 /* Products */;
			projectDirPath = "";
			projectRoot = "";
			targets = (
				FCCF7930205682990033C401 /* ToDoList */,
			);
		};
/* End PBXProject section */

/* Begin PBXResourcesBuildPhase section */
		FCCF792F205682990033C401 /* Resources */ = {
			isa = PBXResourcesBuildPhase;
			buildActionMask = 2147483647;
			files = (
				FCCF79442056829A0033C401 /* LaunchScreen.storyboard in Resources */,
				FC17EFB4205BB75E007ED755 /* CalendarViewController.xib in Resources */,
				FC17EFB7205BB75E007ED755 /* MainViewController.xib in Resources */,
				FC17EFB1205BB75E007ED755 /* MarkNoteViewController.xib in Resources */,
				FCEC3EF2205776AE002A1A1D /* Media.xcassets in Resources */,
				FC5CBF40206A263000D17B44 /* UserInfoCell.xib in Resources */,
				FC17EFB8205BB75E007ED755 /* MainEventCell.xib in Resources */,
				FC5CBF46206A26A200D17B44 /* MenuViewController.xib in Resources */,
				FC19080F2057D3A8000E8C97 /* Info.plist in Resources */,
				FC17EFB5205BB75E007ED755 /* EventDetailViewController.xib in Resources */,
			);
			runOnlyForDeploymentPostprocessing = 0;
		};
/* End PBXResourcesBuildPhase section */

/* Begin PBXShellScriptBuildPhase section */
		1C663222C41FB2559B109974 /* [CP] Copy Pods Resources */ = {
			isa = PBXShellScriptBuildPhase;
			buildActionMask = 2147483647;
			files = (
			);
			inputPaths = (
			);
			name = "[CP] Copy Pods Resources";
			outputPaths = (
			);
			runOnlyForDeploymentPostprocessing = 0;
			shellPath = /bin/sh;
			shellScript = "\"${SRCROOT}/Pods/Target Support Files/Pods-ToDoList/Pods-ToDoList-resources.sh\"\n";
			showEnvVarsInLog = 0;
		};
		931EBE4649698412178228DA /* [CP] Embed Pods Frameworks */ = {
			isa = PBXShellScriptBuildPhase;
			buildActionMask = 2147483647;
			files = (
			);
			inputPaths = (
			);
			name = "[CP] Embed Pods Frameworks";
			outputPaths = (
			);
			runOnlyForDeploymentPostprocessing = 0;
			shellPath = /bin/sh;
			shellScript = "\"${SRCROOT}/Pods/Target Support Files/Pods-ToDoList/Pods-ToDoList-frameworks.sh\"\n";
			showEnvVarsInLog = 0;
		};
		D87C7AC1AA28EEC485CAD84D /* [CP] Check Pods Manifest.lock */ = {
			isa = PBXShellScriptBuildPhase;
			buildActionMask = 2147483647;
			files = (
			);
			inputPaths = (
				"${PODS_PODFILE_DIR_PATH}/Podfile.lock",
				"${PODS_ROOT}/Manifest.lock",
			);
			name = "[CP] Check Pods Manifest.lock";
			outputPaths = (
				"$(DERIVED_FILE_DIR)/Pods-ToDoList-checkManifestLockResult.txt",
			);
			runOnlyForDeploymentPostprocessing = 0;
			shellPath = /bin/sh;
			shellScript = "diff \"${PODS_PODFILE_DIR_PATH}/Podfile.lock\" \"${PODS_ROOT}/Manifest.lock\" > /dev/null\nif [ $? != 0 ] ; then\n    # print error to STDERR\n    echo \"error: The sandbox is not in sync with the Podfile.lock. Run 'pod install' or update your CocoaPods installation.\" >&2\n    exit 1\nfi\n# This output is used by Xcode 'outputs' to avoid re-running this script phase.\necho \"SUCCESS\" > \"${SCRIPT_OUTPUT_FILE_0}\"\n";
			showEnvVarsInLog = 0;
		};
/* End PBXShellScriptBuildPhase section */

/* Begin PBXSourcesBuildPhase section */
		FCCF792D205682990033C401 /* Sources */ = {
			isa = PBXSourcesBuildPhase;
			buildActionMask = 2147483647;
			files = (
				FC92E1F620575F210036C153 /* SLocationManager.swift in Sources */,
				FC19080B2057D3A8000E8C97 /* DAYComponentView.m in Sources */,
				FC19080D2057D3A8000E8C97 /* DAYIndicatorView.m in Sources */,
				FC17EFB2205BB75E007ED755 /* MarkNoteViewController.swift in Sources */,
				FC5CBF45206A26A200D17B44 /* MenuViewController.swift in Sources */,
				FCBE0FA92068C2880072B1CE /* Event+CoreDataClass.m in Sources */,
				FC92E1EB20575DA00036C153 /* DBhelper.m in Sources */,
				FC19080E2057D3A8000E8C97 /* DAYCalendarView.m in Sources */,
				FCBE0FAA2068C2880072B1CE /* EventList+CoreDataProperties.m in Sources */,
				FCCF79472056829A0033C401 /* main.m in Sources */,
				FCF68DD42058F96200B20407 /* UITableView+Extend.m in Sources */,
				FC17EFBB205BB75E007ED755 /* MainCellAdapt.m in Sources */,
				FCBE0FA82068C2880072B1CE /* Event+CoreDataProperties.m in Sources */,
				FCE34110205A1C87005E49EA /* LeftMenuViewDemo.m in Sources */,
				FC17EFB3205BB75E007ED755 /* CalendarViewController.swift in Sources */,
				FC17EFB9205BB75E007ED755 /* MainEventCell.m in Sources */,
				FCBE0F9E20688BD80072B1CE /* BasicViewController.swift in Sources */,
				FCBE0FB22068D68A0072B1CE /* NSString+Extend.swift in Sources */,
				FC19080C2057D3A8000E8C97 /* DAYUtils.m in Sources */,
				FC19080A2057D3A8000E8C97 /* DAYNavigationBar.m in Sources */,
				FC923AB72061111700E42FCF /* DateFormatterInstance.swift in Sources */,
				FCE34111205A1C87005E49EA /* MenuView.m in Sources */,
				FCBE0FB52068E8510072B1CE /* UITextView+Extend.swift in Sources */,
				FC17EFBF205BB780007ED755 /* AppDelegate.m in Sources */,
				FC17EFBA205BB75E007ED755 /* MainViewController.m in Sources */,
				FCBE0FAB2068C2880072B1CE /* EventList+CoreDataClass.m in Sources */,
				FC17576320639626001A6333 /* UILabel+Extend.swift in Sources */,
				FCDF66A02058FD16009ECAAC /* UIAlertController+swift.swift in Sources */,
				FC5CBF3F206A263000D17B44 /* UserInfoCell.m in Sources */,
				FC17EFB6205BB75E007ED755 /* EventDetailViewController.swift in Sources */,
				FC92E1F320575E490036C153 /* ToDoList.xcdatamodeld in Sources */,
				FCC5617B2069E2DB0018FE81 /* Swift_Global.swift in Sources */,
				FC1757602063877A001A6333 /* Date+Extend.swift in Sources */,
			);
			runOnlyForDeploymentPostprocessing = 0;
		};
/* End PBXSourcesBuildPhase section */

/* Begin PBXVariantGroup section */
		FCCF79422056829A0033C401 /* LaunchScreen.storyboard */ = {
			isa = PBXVariantGroup;
			children = (
				FCCF79432056829A0033C401 /* Base */,
			);
			name = LaunchScreen.storyboard;
			sourceTree = "<group>";
		};
/* End PBXVariantGroup section */

/* Begin XCBuildConfiguration section */
		FCCF79482056829A0033C401 /* Debug */ = {
			isa = XCBuildConfiguration;
			buildSettings = {
				ALWAYS_SEARCH_USER_PATHS = NO;
				CLANG_ANALYZER_NONNULL = YES;
				CLANG_ANALYZER_NUMBER_OBJECT_CONVERSION = YES_AGGRESSIVE;
				CLANG_CXX_LANGUAGE_STANDARD = "gnu++14";
				CLANG_CXX_LIBRARY = "libc++";
				CLANG_ENABLE_MODULES = YES;
				CLANG_ENABLE_OBJC_ARC = YES;
				CLANG_WARN_BLOCK_CAPTURE_AUTORELEASING = YES;
				CLANG_WARN_BOOL_CONVERSION = YES;
				CLANG_WARN_COMMA = YES;
				CLANG_WARN_CONSTANT_CONVERSION = YES;
				CLANG_WARN_DIRECT_OBJC_ISA_USAGE = YES_ERROR;
				CLANG_WARN_DOCUMENTATION_COMMENTS = YES;
				CLANG_WARN_EMPTY_BODY = YES;
				CLANG_WARN_ENUM_CONVERSION = YES;
				CLANG_WARN_INFINITE_RECURSION = YES;
				CLANG_WARN_INT_CONVERSION = YES;
				CLANG_WARN_NON_LITERAL_NULL_CONVERSION = YES;
				CLANG_WARN_OBJC_LITERAL_CONVERSION = YES;
				CLANG_WARN_OBJC_ROOT_CLASS = YES_ERROR;
				CLANG_WARN_RANGE_LOOP_ANALYSIS = YES;
				CLANG_WARN_STRICT_PROTOTYPES = YES;
				CLANG_WARN_SUSPICIOUS_MOVE = YES;
				CLANG_WARN_UNGUARDED_AVAILABILITY = YES_AGGRESSIVE;
				CLANG_WARN_UNREACHABLE_CODE = YES;
				CLANG_WARN__DUPLICATE_METHOD_MATCH = YES;
				CODE_SIGN_IDENTITY = "iPhone Developer";
				COPY_PHASE_STRIP = NO;
				DEBUG_INFORMATION_FORMAT = dwarf;
				ENABLE_STRICT_OBJC_MSGSEND = YES;
				ENABLE_TESTABILITY = YES;
				GCC_C_LANGUAGE_STANDARD = gnu11;
				GCC_DYNAMIC_NO_PIC = NO;
				GCC_NO_COMMON_BLOCKS = YES;
				GCC_OPTIMIZATION_LEVEL = 0;
				GCC_PREPROCESSOR_DEFINITIONS = (
					"DEBUG=1",
					"$(inherited)",
				);
				GCC_WARN_64_TO_32_BIT_CONVERSION = YES;
				GCC_WARN_ABOUT_RETURN_TYPE = YES_ERROR;
				GCC_WARN_UNDECLARED_SELECTOR = YES;
				GCC_WARN_UNINITIALIZED_AUTOS = YES_AGGRESSIVE;
				GCC_WARN_UNUSED_FUNCTION = YES;
				GCC_WARN_UNUSED_VARIABLE = YES;
				IPHONEOS_DEPLOYMENT_TARGET = 11.2;
				MTL_ENABLE_DEBUG_INFO = YES;
				ONLY_ACTIVE_ARCH = YES;
				SDKROOT = iphoneos;
				SWIFT_VERSION = 4.0;
			};
			name = Debug;
		};
		FCCF79492056829A0033C401 /* Release */ = {
			isa = XCBuildConfiguration;
			buildSettings = {
				ALWAYS_SEARCH_USER_PATHS = NO;
				CLANG_ANALYZER_NONNULL = YES;
				CLANG_ANALYZER_NUMBER_OBJECT_CONVERSION = YES_AGGRESSIVE;
				CLANG_CXX_LANGUAGE_STANDARD = "gnu++14";
				CLANG_CXX_LIBRARY = "libc++";
				CLANG_ENABLE_MODULES = YES;
				CLANG_ENABLE_OBJC_ARC = YES;
				CLANG_WARN_BLOCK_CAPTURE_AUTORELEASING = YES;
				CLANG_WARN_BOOL_CONVERSION = YES;
				CLANG_WARN_COMMA = YES;
				CLANG_WARN_CONSTANT_CONVERSION = YES;
				CLANG_WARN_DIRECT_OBJC_ISA_USAGE = YES_ERROR;
				CLANG_WARN_DOCUMENTATION_COMMENTS = YES;
				CLANG_WARN_EMPTY_BODY = YES;
				CLANG_WARN_ENUM_CONVERSION = YES;
				CLANG_WARN_INFINITE_RECURSION = YES;
				CLANG_WARN_INT_CONVERSION = YES;
				CLANG_WARN_NON_LITERAL_NULL_CONVERSION = YES;
				CLANG_WARN_OBJC_LITERAL_CONVERSION = YES;
				CLANG_WARN_OBJC_ROOT_CLASS = YES_ERROR;
				CLANG_WARN_RANGE_LOOP_ANALYSIS = YES;
				CLANG_WARN_STRICT_PROTOTYPES = YES;
				CLANG_WARN_SUSPICIOUS_MOVE = YES;
				CLANG_WARN_UNGUARDED_AVAILABILITY = YES_AGGRESSIVE;
				CLANG_WARN_UNREACHABLE_CODE = YES;
				CLANG_WARN__DUPLICATE_METHOD_MATCH = YES;
				CODE_SIGN_IDENTITY = "iPhone Developer";
				COPY_PHASE_STRIP = NO;
				DEBUG_INFORMATION_FORMAT = "dwarf-with-dsym";
				ENABLE_NS_ASSERTIONS = NO;
				ENABLE_STRICT_OBJC_MSGSEND = YES;
				GCC_C_LANGUAGE_STANDARD = gnu11;
				GCC_NO_COMMON_BLOCKS = YES;
				GCC_WARN_64_TO_32_BIT_CONVERSION = YES;
				GCC_WARN_ABOUT_RETURN_TYPE = YES_ERROR;
				GCC_WARN_UNDECLARED_SELECTOR = YES;
				GCC_WARN_UNINITIALIZED_AUTOS = YES_AGGRESSIVE;
				GCC_WARN_UNUSED_FUNCTION = YES;
				GCC_WARN_UNUSED_VARIABLE = YES;
				IPHONEOS_DEPLOYMENT_TARGET = 11.2;
				MTL_ENABLE_DEBUG_INFO = NO;
				SDKROOT = iphoneos;
				SWIFT_VERSION = 4.0;
				VALIDATE_PRODUCT = YES;
			};
			name = Release;
		};
		FCCF794B2056829A0033C401 /* Debug */ = {
			isa = XCBuildConfiguration;
			baseConfigurationReference = A8F0C4CA0ECC28575F13C298 /* Pods-ToDoList.debug.xcconfig */;
			buildSettings = {
				ASSETCATALOG_COMPILER_APPICON_NAME = AppIcon;
				CLANG_ENABLE_MODULES = YES;
				CODE_SIGN_STYLE = Automatic;
				DEVELOPMENT_TEAM = 77274K7C27;
				INFOPLIST_FILE = ToDoList/Info.plist;
				LD_RUNPATH_SEARCH_PATHS = "$(inherited) @executable_path/Frameworks";
				PRODUCT_BUNDLE_IDENTIFIER = com.todolist.iphone;
				PRODUCT_NAME = "$(TARGET_NAME)";
				SWIFT_OBJC_BRIDGING_HEADER = "Config/ToDoList-Bridging-Header.h";
				SWIFT_OPTIMIZATION_LEVEL = "-Onone";
				SWIFT_VERSION = 3.0;
				TARGETED_DEVICE_FAMILY = 1;
				USER_HEADER_SEARCH_PATHS = "${SRCROOT}/**";
			};
			name = Debug;
		};
		FCCF794C2056829A0033C401 /* Release */ = {
			isa = XCBuildConfiguration;
			baseConfigurationReference = 0624C7AE250101B12A1A57EF /* Pods-ToDoList.release.xcconfig */;
			buildSettings = {
				ASSETCATALOG_COMPILER_APPICON_NAME = AppIcon;
				CLANG_ENABLE_MODULES = YES;
				CODE_SIGN_STYLE = Automatic;
				DEVELOPMENT_TEAM = 77274K7C27;
				INFOPLIST_FILE = ToDoList/Info.plist;
				LD_RUNPATH_SEARCH_PATHS = "$(inherited) @executable_path/Frameworks";
				PRODUCT_BUNDLE_IDENTIFIER = com.todolist.iphone;
				PRODUCT_NAME = "$(TARGET_NAME)";
				SWIFT_OBJC_BRIDGING_HEADER = "Config/ToDoList-Bridging-Header.h";
				SWIFT_VERSION = 3.0;
				TARGETED_DEVICE_FAMILY = 1;
				USER_HEADER_SEARCH_PATHS = "${SRCROOT}/**";
			};
			name = Release;
		};
/* End XCBuildConfiguration section */

/* Begin XCConfigurationList section */
		FCCF792C205682990033C401 /* Build configuration list for PBXProject "ToDoList" */ = {
			isa = XCConfigurationList;
			buildConfigurations = (
				FCCF79482056829A0033C401 /* Debug */,
				FCCF79492056829A0033C401 /* Release */,
			);
			defaultConfigurationIsVisible = 0;
			defaultConfigurationName = Release;
		};
		FCCF794A2056829A0033C401 /* Build configuration list for PBXNativeTarget "ToDoList" */ = {
			isa = XCConfigurationList;
			buildConfigurations = (
				FCCF794B2056829A0033C401 /* Debug */,
				FCCF794C2056829A0033C401 /* Release */,
			);
			defaultConfigurationIsVisible = 0;
			defaultConfigurationName = Release;
		};
/* End XCConfigurationList section */

/* Begin XCVersionGroup section */
		FC92E1F120575E490036C153 /* ToDoList.xcdatamodeld */ = {
			isa = XCVersionGroup;
			children = (
				FC92E1F220575E490036C153 /* ToDoList.xcdatamodel */,
			);
			currentVersion = FC92E1F220575E490036C153 /* ToDoList.xcdatamodel */;
			path = ToDoList.xcdatamodeld;
			sourceTree = "<group>";
			versionGroupType = wrapper.xcdatamodel;
		};
/* End XCVersionGroup section */
	};
	rootObject = FCCF7929205682990033C401 /* Project object */;
}
